
Microsoft Visual Studio Solution File, Format Version 12.00
# Visual Studio Version 16
VisualStudioVersion = 16.0.29613.14
MinimumVisualStudioVersion = 10.0.40219.1
Project("{FAE04EC0-301F-11D3-BF4B-00C04F79EFBC}") = "HW1_Olofintuyi", "HW1_Olofintuyi.csproj", "{8FA86698-0FF6-45EB-94E6-A6291ACDCEAD}"
EndProject
Global
	GlobalSection(SolutionConfigurationPlatforms) = preSolution
		Debug|Any CPU = Debug|Any CPU
		Release|Any CPU = Release|Any CPU
	EndGlobalSection
	GlobalSection(ProjectConfigurationPlatforms) = postSolution
		{8FA86698-0FF6-45EB-94E6-A6291ACDCEAD}.Debug|Any CPU.ActiveCfg = Debug|Any CPU
		{8FA86698-0FF6-45EB-94E6-A6291ACDCEAD}.Debug|Any CPU.Build.0 = Debug|Any CPU
		{8FA86698-0FF6-45EB-94E6-A6291ACDCEAD}.Release|Any CPU.ActiveCfg = Release|Any CPU
		{8FA86698-0FF6-45EB-94E6-A6291ACDCEAD}.Release|Any CPU.Build.0 = Release|Any CPU
	EndGlobalSection
	GlobalSection(SolutionProperties) = preSolution
		HideSolutionNode = FALSE
	EndGlobalSection
	GlobalSection(ExtensibilityGlobals) = postSolution
		SolutionGuid = {32778B29-189B-45B8-A0C6-C3C4987D8DF7}
	EndGlobalSection
EndGlobal
